github.com/liyue201/gostl v1.1.0 h1:ipSWwFqwRXBTzgS3ZMlwtTpHeVvRQTE+anpzP0rXeUA=
github.com/liyue201/gostl v1.1.0/go.mod h1:hmiO0/B1JgfZWtzpst0Y4VSu11iJvM6jHnRvINYB6Sg=
github.com/ugurcsen/gods-generic v0.10.2 h1:dE/4oQEeO/oMVcWwcVeJhboxYJ0WVIbVVjOGJ32xL90=
github.com/ugurcsen/gods-generic v0.10.2/go.mod h1:mGYOa88Y5sbw+ADXLpScxjJ7s5iHoWya/YHyeQ4f6c4=
